Microsoft Visual Studio Solution File, Format Version 7.00
Project("{8BC9CEB8-8B4A-11D0-8D11-00A0C91BC942}") = "client2", "client2.vcproj", "{FD1E59EF-EBDC-48F9-9F11-AFAC09171770}"
EndProject
Global
	GlobalSection(DevPartner Solution Properties) = postSolution
	EndGlobalSection
	GlobalSection(SolutionConfiguration) = preSolution
		ConfigName.0 = Debug
		ConfigName.1 = Release
	EndGlobalSection
	GlobalSection(ProjectDependencies) = postSolution
	EndGlobalSection
	GlobalSection(ProjectConfiguration) = postSolution
		{FD1E59EF-EBDC-48F9-9F11-AFAC09171770}.Debug.ActiveCfg = Debug|Win32
		{FD1E59EF-EBDC-48F9-9F11-AFAC09171770}.Debug.Build.0 = Debug|Win32
		{FD1E59EF-EBDC-48F9-9F11-AFAC09171770}.Release.ActiveCfg = Release|Win32
		{FD1E59EF-EBDC-48F9-9F11-AFAC09171770}.Release.Build.0 = Release|Win32
	EndGlobalSection
	GlobalSection(ExtensibilityGlobals) = postSolution
	EndGlobalSection
	GlobalSection(ExtensibilityAddIns) = postSolution
	EndGlobalSection
EndGlobal
